// !$*UTF8*$!
{
	archiveVersion = 1;
	classes = {
	};
	objectVersion = 56;
	objects = {

/* Begin PBXBuildFile section */
		3856FC302BFD001500CD5CE2 /* VirtualAudioDeviceWrapper.cpp in Sources */ = {isa = PBXBuildFile; fileRef = 3856FC2F2BFD001500CD5CE2 /* VirtualAudioDeviceWrapper.cpp */; };
		3856FC322BFD00A100CD5CE2 /* VirtualAudioDeviceWrapper.hpp in Headers */ = {isa = PBXBuildFile; fileRef = 3856FC312BFD00A100CD5CE2 /* VirtualAudioDeviceWrapper.hpp */; };
		38AAD1912BFB9A910039F5D6 /* WaveLinkApp.swift in Sources */ = {isa = PBXBuildFile; fileRef = 38AAD1902BFB9A910039F5D6 /* WaveLinkApp.swift */; };
		38AAD1932BFB9A910039F5D6 /* ContentView.swift in Sources */ = {isa = PBXBuildFile; fileRef = 38AAD1922BFB9A910039F5D6 /* ContentView.swift */; };
		38AAD1952BFB9A930039F5D6 /* Assets.xcassets in Resources */ = {isa = PBXBuildFile; fileRef = 38AAD1942BFB9A930039F5D6 /* Assets.xcassets */; };
		38AAD1982BFB9A930039F5D6 /* Preview Assets.xcassets in Resources */ = {isa = PBXBuildFile; fileRef = 38AAD1972BFB9A930039F5D6 /* Preview Assets.xcassets */; };
		38AAD1E92BFC82A70039F5D6 /* WaveLinkIO.c in Sources */ = {isa = PBXBuildFile; fileRef = 38AAD1E82BFC82A70039F5D6 /* WaveLinkIO.c */; };
		38AAD1F02BFC8A0A0039F5D6 /* VirtualAudioDevice.hpp in Headers */ = {isa = PBXBuildFile; fileRef = 38AAD1EF2BFC8A0A0039F5D6 /* VirtualAudioDevice.hpp */; };
		38AAD1F12BFC8A0A0039F5D6 /* VirtualAudioDevice.cpp in Sources */ = {isa = PBXBuildFile; fileRef = 38AAD1EE2BFC8A0A0039F5D6 /* VirtualAudioDevice.cpp */; };
		38AAD1F32BFC92BB0039F5D6 /* WaveLinkIO.kext in Embed PlugIns */ = {isa = PBXBuildFile; fileRef = 38AAD1E62BFC82A70039F5D6 /* WaveLinkIO.kext */; settings = {ATTRIBUTES = (CodeSignOnCopy, RemoveHeadersOnCopy, ); }; };
		38AAD1F92BFC986D0039F5D6 /* AVFAudio.framework in Frameworks */ = {isa = PBXBuildFile; fileRef = 38AAD1F72BFC986D0039F5D6 /* AVFAudio.framework */; };
		38AAD1FA2BFC986D0039F5D6 /* AudioToolbox.framework in Frameworks */ = {isa = PBXBuildFile; fileRef = 38AAD1F82BFC986D0039F5D6 /* AudioToolbox.framework */; };
		38AAD1FE2BFC99260039F5D6 /* CoreAudioKit.framework in Frameworks */ = {isa = PBXBuildFile; fileRef = 38AAD1FB2BFC99250039F5D6 /* CoreAudioKit.framework */; };
		38AAD1FF2BFC99260039F5D6 /* CoreAudioTypes.framework in Frameworks */ = {isa = PBXBuildFile; fileRef = 38AAD1FC2BFC99260039F5D6 /* CoreAudioTypes.framework */; };
		38AAD2002BFC99260039F5D6 /* CoreAudio.framework in Frameworks */ = {isa = PBXBuildFile; fileRef = 38AAD1FD2BFC99260039F5D6 /* CoreAudio.framework */; };
/* End PBXBuildFile section */

/* Begin PBXContainerItemProxy section */
		38AAD1F42BFC92BB0039F5D6 /* PBXContainerItemProxy */ = {
			isa = PBXContainerItemProxy;
			containerPortal = 38AAD1852BFB9A910039F5D6 /* Project object */;
			proxyType = 1;
			remoteGlobalIDString = 38AAD1E52BFC82A70039F5D6;
			remoteInfo = WaveLinkIO;
		};
/* End PBXContainerItemProxy section */

/* Begin PBXCopyFilesBuildPhase section */
		38AAD1F62BFC92BB0039F5D6 /* Embed PlugIns */ = {
			isa = PBXCopyFilesBuildPhase;
			buildActionMask = 2147483647;
			dstPath = "";
			dstSubfolderSpec = 13;
			files = (
				38AAD1F32BFC92BB0039F5D6 /* WaveLinkIO.kext in Embed PlugIns */,
			);
			name = "Embed PlugIns";
			runOnlyForDeploymentPostprocessing = 0;
		};
/* End PBXCopyFilesBuildPhase section */

/* Begin PBXFileReference section */
		3856FC2F2BFD001500CD5CE2 /* VirtualAudioDeviceWrapper.cpp */ = {isa = PBXFileReference; lastKnownFileType = sourcecode.cpp.cpp; path = VirtualAudioDeviceWrapper.cpp; sourceTree = "<group>"; };
		3856FC312BFD00A100CD5CE2 /* VirtualAudioDeviceWrapper.hpp */ = {isa = PBXFileReference; lastKnownFileType = sourcecode.cpp.h; path = VirtualAudioDeviceWrapper.hpp; sourceTree = "<group>"; };
		38AAD18D2BFB9A910039F5D6 /* WaveLink.app */ = {isa = PBXFileReference; explicitFileType = wrapper.application; includeInIndex = 0; path = WaveLink.app; sourceTree = BUILT_PRODUCTS_DIR; };
		38AAD1902BFB9A910039F5D6 /* WaveLinkApp.swift */ = {isa = PBXFileReference; lastKnownFileType = sourcecode.swift; path = WaveLinkApp.swift; sourceTree = "<group>"; };
		38AAD1922BFB9A910039F5D6 /* ContentView.swift */ = {isa = PBXFileReference; lastKnownFileType = sourcecode.swift; path = ContentView.swift; sourceTree = "<group>"; };
		38AAD1942BFB9A930039F5D6 /* Assets.xcassets */ = {isa = PBXFileReference; lastKnownFileType = folder.assetcatalog; path = Assets.xcassets; sourceTree = "<group>"; };
		38AAD1972BFB9A930039F5D6 /* Preview Assets.xcassets */ = {isa = PBXFileReference; lastKnownFileType = folder.assetcatalog; path = "Preview Assets.xcassets"; sourceTree = "<group>"; };
		38AAD1992BFB9A930039F5D6 /* WaveLink.entitlements */ = {isa = PBXFileReference; lastKnownFileType = text.plist.entitlements; path = WaveLink.entitlements; sourceTree = "<group>"; };
		38AAD1E62BFC82A70039F5D6 /* WaveLinkIO.kext */ = {isa = PBXFileReference; explicitFileType = wrapper.cfbundle; includeInIndex = 0; path = WaveLinkIO.kext; sourceTree = BUILT_PRODUCTS_DIR; };
		38AAD1E82BFC82A70039F5D6 /* WaveLinkIO.c */ = {isa = PBXFileReference; lastKnownFileType = sourcecode.c.c; path = WaveLinkIO.c; sourceTree = "<group>"; };
		38AAD1EA2BFC82A70039F5D6 /* Info.plist */ = {isa = PBXFileReference; lastKnownFileType = text.plist.xml; path = Info.plist; sourceTree = "<group>"; };
		38AAD1EE2BFC8A0A0039F5D6 /* VirtualAudioDevice.cpp */ = {isa = PBXFileReference; lastKnownFileType = sourcecode.cpp.cpp; path = VirtualAudioDevice.cpp; sourceTree = "<group>"; };
		38AAD1EF2BFC8A0A0039F5D6 /* VirtualAudioDevice.hpp */ = {isa = PBXFileReference; lastKnownFileType = sourcecode.cpp.h; path = VirtualAudioDevice.hpp; sourceTree = "<group>"; };
		38AAD1F72BFC986D0039F5D6 /* AVFAudio.framework */ = {isa = PBXFileReference; lastKnownFileType = wrapper.framework; name = AVFAudio.framework; path = System/Library/Frameworks/AVFAudio.framework; sourceTree = SDKROOT; };
		38AAD1F82BFC986D0039F5D6 /* AudioToolbox.framework */ = {isa = PBXFileReference; lastKnownFileType = wrapper.framework; name = AudioToolbox.framework; path = System/Library/Frameworks/AudioToolbox.framework; sourceTree = SDKROOT; };
		38AAD1FB2BFC99250039F5D6 /* CoreAudioKit.framework */ = {isa = PBXFileReference; lastKnownFileType = wrapper.framework; name = CoreAudioKit.framework; path = System/Library/Frameworks/CoreAudioKit.framework; sourceTree = SDKROOT; };
		38AAD1FC2BFC99260039F5D6 /* CoreAudioTypes.framework */ = {isa = PBXFileReference; lastKnownFileType = wrapper.framework; name = CoreAudioTypes.framework; path = System/Library/Frameworks/CoreAudioTypes.framework; sourceTree = SDKROOT; };
		38AAD1FD2BFC99260039F5D6 /* CoreAudio.framework */ = {isa = PBXFileReference; lastKnownFileType = wrapper.framework; name = CoreAudio.framework; path = System/Library/Frameworks/CoreAudio.framework; sourceTree = SDKROOT; };
/* End PBXFileReference section */

/* Begin PBXFrameworksBuildPhase section */
		38AAD18A2BFB9A910039F5D6 /* Frameworks */ = {
			isa = PBXFrameworksBuildPhase;
			buildActionMask = 2147483647;
			files = (
				38AAD1FF2BFC99260039F5D6 /* CoreAudioTypes.framework in Frameworks */,
				38AAD1F92BFC986D0039F5D6 /* AVFAudio.framework in Frameworks */,
				38AAD1FE2BFC99260039F5D6 /* CoreAudioKit.framework in Frameworks */,
				38AAD2002BFC99260039F5D6 /* CoreAudio.framework in Frameworks */,
				38AAD1FA2BFC986D0039F5D6 /* AudioToolbox.framework in Frameworks */,
			);
			runOnlyForDeploymentPostprocessing = 0;
		};
		38AAD1E32BFC82A70039F5D6 /* Frameworks */ = {
			isa = PBXFrameworksBuildPhase;
			buildActionMask = 2147483647;
			files = (
			);
			runOnlyForDeploymentPostprocessing = 0;
		};
/* End PBXFrameworksBuildPhase section */

/* Begin PBXGroup section */
		38AAD1842BFB9A910039F5D6 = {
			isa = PBXGroup;
			children = (
				38AAD18F2BFB9A910039F5D6 /* WaveLink */,
				38AAD1E72BFC82A70039F5D6 /* WaveLinkIO */,
				38AAD18E2BFB9A910039F5D6 /* Products */,
				38AAD1F22BFC92BB0039F5D6 /* Frameworks */,
			);
			sourceTree = "<group>";
		};
		38AAD18E2BFB9A910039F5D6 /* Products */ = {
			isa = PBXGroup;
			children = (
				38AAD18D2BFB9A910039F5D6 /* WaveLink.app */,
				38AAD1E62BFC82A70039F5D6 /* WaveLinkIO.kext */,
			);
			name = Products;
			sourceTree = "<group>";
		};
		38AAD18F2BFB9A910039F5D6 /* WaveLink */ = {
			isa = PBXGroup;
			children = (
				38AAD1902BFB9A910039F5D6 /* WaveLinkApp.swift */,
				38AAD1922BFB9A910039F5D6 /* ContentView.swift */,
				38AAD1942BFB9A930039F5D6 /* Assets.xcassets */,
				38AAD1992BFB9A930039F5D6 /* WaveLink.entitlements */,
				38AAD1962BFB9A930039F5D6 /* Preview Content */,
			);
			path = WaveLink;
			sourceTree = "<group>";
		};
		38AAD1962BFB9A930039F5D6 /* Preview Content */ = {
			isa = PBXGroup;
			children = (
				38AAD1972BFB9A930039F5D6 /* Preview Assets.xcassets */,
			);
			path = "Preview Content";
			sourceTree = "<group>";
		};
		38AAD1E72BFC82A70039F5D6 /* WaveLinkIO */ = {
			isa = PBXGroup;
			children = (
				38AAD1E82BFC82A70039F5D6 /* WaveLinkIO.c */,
				38AAD1EE2BFC8A0A0039F5D6 /* VirtualAudioDevice.cpp */,
				38AAD1EF2BFC8A0A0039F5D6 /* VirtualAudioDevice.hpp */,
				38AAD1EA2BFC82A70039F5D6 /* Info.plist */,
				3856FC2F2BFD001500CD5CE2 /* VirtualAudioDeviceWrapper.cpp */,
				3856FC312BFD00A100CD5CE2 /* VirtualAudioDeviceWrapper.hpp */,
			);
			path = WaveLinkIO;
			sourceTree = "<group>";
		};
		38AAD1F22BFC92BB0039F5D6 /* Frameworks */ = {
			isa = PBXGroup;
			children = (
				38AAD1FD2BFC99260039F5D6 /* CoreAudio.framework */,
				38AAD1FB2BFC99250039F5D6 /* CoreAudioKit.framework */,
				38AAD1FC2BFC99260039F5D6 /* CoreAudioTypes.framework */,
				38AAD1F82BFC986D0039F5D6 /* AudioToolbox.framework */,
				38AAD1F72BFC986D0039F5D6 /* AVFAudio.framework */,
			);
			name = Frameworks;
			sourceTree = "<group>";
		};
/* End PBXGroup section */

/* Begin PBXHeadersBuildPhase section */
		38AAD1E12BFC82A70039F5D6 /* Headers */ = {
			isa = PBXHeadersBuildPhase;
			buildActionMask = 2147483647;
			files = (
				38AAD1F02BFC8A0A0039F5D6 /* VirtualAudioDevice.hpp in Headers */,
				3856FC322BFD00A100CD5CE2 /* VirtualAudioDeviceWrapper.hpp in Headers */,
			);
			runOnlyForDeploymentPostprocessing = 0;
		};
/* End PBXHeadersBuildPhase section */

/* Begin PBXNativeTarget section */
		38AAD18C2BFB9A910039F5D6 /* WaveLink */ = {
			isa = PBXNativeTarget;
			buildConfigurationList = 38AAD19C2BFB9A930039F5D6 /* Build configuration list for PBXNativeTarget "WaveLink" */;
			buildPhases = (
				38AAD1892BFB9A910039F5D6 /* Sources */,
				38AAD18A2BFB9A910039F5D6 /* Frameworks */,
				38AAD18B2BFB9A910039F5D6 /* Resources */,
				38AAD1F62BFC92BB0039F5D6 /* Embed PlugIns */,
			);
			buildRules = (
			);
			dependencies = (
				38AAD1F52BFC92BB0039F5D6 /* PBXTargetDependency */,
			);
			name = WaveLink;
			productName = WaveLink;
			productReference = 38AAD18D2BFB9A910039F5D6 /* WaveLink.app */;
			productType = "com.apple.product-type.application";
		};
		38AAD1E52BFC82A70039F5D6 /* WaveLinkIO */ = {
			isa = PBXNativeTarget;
			buildConfigurationList = 38AAD1EB2BFC82A70039F5D6 /* Build configuration list for PBXNativeTarget "WaveLinkIO" */;
			buildPhases = (
				38AAD1E12BFC82A70039F5D6 /* Headers */,
				38AAD1E22BFC82A70039F5D6 /* Sources */,
				38AAD1E32BFC82A70039F5D6 /* Frameworks */,
				38AAD1E42BFC82A70039F5D6 /* Resources */,
			);
			buildRules = (
			);
			dependencies = (
			);
			name = WaveLinkIO;
			productName = WaveLinkIO;
			productReference = 38AAD1E62BFC82A70039F5D6 /* WaveLinkIO.kext */;
			productType = "com.apple.product-type.kernel-extension";
		};
/* End PBXNativeTarget section */

/* Begin PBXProject section */
		38AAD1852BFB9A910039F5D6 /* Project object */ = {
			isa = PBXProject;
			attributes = {
				BuildIndependentTargetsInParallel = 1;
				LastSwiftUpdateCheck = 1530;
				LastUpgradeCheck = 1530;
				TargetAttributes = {
					38AAD18C2BFB9A910039F5D6 = {
						CreatedOnToolsVersion = 15.3;
					};
					38AAD1E52BFC82A70039F5D6 = {
						CreatedOnToolsVersion = 15.3;
					};
				};
			};
			buildConfigurationList = 38AAD1882BFB9A910039F5D6 /* Build configuration list for PBXProject "WaveLink" */;
			compatibilityVersion = "Xcode 14.0";
			developmentRegion = en;
			hasScannedForEncodings = 0;
			knownRegions = (
				en,
				Base,
			);
			mainGroup = 38AAD1842BFB9A910039F5D6;
			productRefGroup = 38AAD18E2BFB9A910039F5D6 /* Products */;
			projectDirPath = "";
			projectRoot = "";
			targets = (
				38AAD18C2BFB9A910039F5D6 /* WaveLink */,
				38AAD1E52BFC82A70039F5D6 /* WaveLinkIO */,
			);
		};
/* End PBXProject section */

/* Begin PBXResourcesBuildPhase section */
		38AAD18B2BFB9A910039F5D6 /* Resources */ = {
			isa = PBXResourcesBuildPhase;
			buildActionMask = 2147483647;
			files = (
				38AAD1982BFB9A930039F5D6 /* Preview Assets.xcassets in Resources */,
				38AAD1952BFB9A930039F5D6 /* Assets.xcassets in Resources */,
			);
			runOnlyForDeploymentPostprocessing = 0;
		};
		38AAD1E42BFC82A70039F5D6 /* Resources */ = {
			isa = PBXResourcesBuildPhase;
			buildActionMask = 2147483647;
			files = (
			);
			runOnlyForDeploymentPostprocessing = 0;
		};
/* End PBXResourcesBuildPhase section */

/* Begin PBXSourcesBuildPhase section */
		38AAD1892BFB9A910039F5D6 /* Sources */ = {
			isa = PBXSourcesBuildPhase;
			buildActionMask = 2147483647;
			files = (
				38AAD1932BFB9A910039F5D6 /* ContentView.swift in Sources */,
				38AAD1912BFB9A910039F5D6 /* WaveLinkApp.swift in Sources */,
			);
			runOnlyForDeploymentPostprocessing = 0;
		};
		38AAD1E22BFC82A70039F5D6 /* Sources */ = {
			isa = PBXSourcesBuildPhase;
			buildActionMask = 2147483647;
			files = (
				38AAD1F12BFC8A0A0039F5D6 /* VirtualAudioDevice.cpp in Sources */,
				3856FC302BFD001500CD5CE2 /* VirtualAudioDeviceWrapper.cpp in Sources */,
				38AAD1E92BFC82A70039F5D6 /* WaveLinkIO.c in Sources */,
			);
			runOnlyForDeploymentPostprocessing = 0;
		};
/* End PBXSourcesBuildPhase section */

/* Begin PBXTargetDependency section */
		38AAD1F52BFC92BB0039F5D6 /* PBXTargetDependency */ = {
			isa = PBXTargetDependency;
			target = 38AAD1E52BFC82A70039F5D6 /* WaveLinkIO */;
			targetProxy = 38AAD1F42BFC92BB0039F5D6 /* PBXContainerItemProxy */;
		};
/* End PBXTargetDependency section */

/* Begin XCBuildConfiguration section */
		38AAD19A2BFB9A930039F5D6 /* Debug */ = {
			isa = XCBuildConfiguration;
			buildSettings = {
				ALWAYS_SEARCH_USER_PATHS = NO;
				ASSETCATALOG_COMPILER_GENERATE_SWIFT_ASSET_SYMBOL_EXTENSIONS = YES;
				CLANG_ANALYZER_NONNULL = YES;
				CLANG_ANALYZER_NUMBER_OBJECT_CONVERSION = YES_AGGRESSIVE;
				CLANG_CXX_LANGUAGE_STANDARD = "gnu++20";
				CLANG_ENABLE_MODULES = YES;
				CLANG_ENABLE_OBJC_ARC = YES;
				CLANG_ENABLE_OBJC_WEAK = YES;
				CLANG_WARN_BLOCK_CAPTURE_AUTORELEASING = YES;
				CLANG_WARN_BOOL_CONVERSION = YES;
				CLANG_WARN_COMMA = YES;
				CLANG_WARN_CONSTANT_CONVERSION = YES;
				CLANG_WARN_DEPRECATED_OBJC_IMPLEMENTATIONS = YES;
				CLANG_WARN_DIRECT_OBJC_ISA_USAGE = YES_ERROR;
				CLANG_WARN_DOCUMENTATION_COMMENTS = YES;
				CLANG_WARN_EMPTY_BODY = YES;
				CLANG_WARN_ENUM_CONVERSION = YES;
				CLANG_WARN_INFINITE_RECURSION = YES;
				CLANG_WARN_INT_CONVERSION = YES;
				CLANG_WARN_NON_LITERAL_NULL_CONVERSION = YES;
				CLANG_WARN_OBJC_IMPLICIT_RETAIN_SELF = YES;
				CLANG_WARN_OBJC_LITERAL_CONVERSION = YES;
				CLANG_WARN_OBJC_ROOT_CLASS = YES_ERROR;
				CLANG_WARN_QUOTED_INCLUDE_IN_FRAMEWORK_HEADER = YES;
				CLANG_WARN_RANGE_LOOP_ANALYSIS = YES;
				CLANG_WARN_STRICT_PROTOTYPES = YES;
				CLANG_WARN_SUSPICIOUS_MOVE = YES;
				CLANG_WARN_UNGUARDED_AVAILABILITY = YES_AGGRESSIVE;
				CLANG_WARN_UNREACHABLE_CODE = YES;
				CLANG_WARN__DUPLICATE_METHOD_MATCH = YES;
				COPY_PHASE_STRIP = NO;
				DEBUG_INFORMATION_FORMAT = dwarf;
				ENABLE_STRICT_OBJC_MSGSEND = YES;
				ENABLE_TESTABILITY = YES;
				ENABLE_USER_SCRIPT_SANDBOXING = YES;
				GCC_C_LANGUAGE_STANDARD = gnu17;
				GCC_DYNAMIC_NO_PIC = NO;
				GCC_NO_COMMON_BLOCKS = YES;
				GCC_OPTIMIZATION_LEVEL = 0;
				GCC_PREPROCESSOR_DEFINITIONS = (
					"DEBUG=1",
					"$(inherited)",
				);
				GCC_WARN_64_TO_32_BIT_CONVERSION = YES;
				GCC_WARN_ABOUT_RETURN_TYPE = YES_ERROR;
				GCC_WARN_UNDECLARED_SELECTOR = YES;
				GCC_WARN_UNINITIALIZED_AUTOS = YES_AGGRESSIVE;
				GCC_WARN_UNUSED_FUNCTION = YES;
				GCC_WARN_UNUSED_VARIABLE = YES;
				LOCALIZATION_PREFERS_STRING_CATALOGS = YES;
				MACOSX_DEPLOYMENT_TARGET = 14.4;
				MTL_ENABLE_DEBUG_INFO = INCLUDE_SOURCE;
				MTL_FAST_MATH = YES;
				ONLY_ACTIVE_ARCH = YES;
				SDKROOT = macosx;
				SWIFT_ACTIVE_COMPILATION_CONDITIONS = "DEBUG $(inherited)";
				SWIFT_OPTIMIZATION_LEVEL = "-Onone";
			};
			name = Debug;
		};
		38AAD19B2BFB9A930039F5D6 /* Release */ = {
			isa = XCBuildConfiguration;
			buildSettings = {
				ALWAYS_SEARCH_USER_PATHS = NO;
				ASSETCATALOG_COMPILER_GENERATE_SWIFT_ASSET_SYMBOL_EXTENSIONS = YES;
				CLANG_ANALYZER_NONNULL = YES;
				CLANG_ANALYZER_NUMBER_OBJECT_CONVERSION = YES_AGGRESSIVE;
				CLANG_CXX_LANGUAGE_STANDARD = "gnu++20";
				CLANG_ENABLE_MODULES = YES;
				CLANG_ENABLE_OBJC_ARC = YES;
				CLANG_ENABLE_OBJC_WEAK = YES;
				CLANG_WARN_BLOCK_CAPTURE_AUTORELEASING = YES;
				CLANG_WARN_BOOL_CONVERSION = YES;
				CLANG_WARN_COMMA = YES;
				CLANG_WARN_CONSTANT_CONVERSION = YES;
				CLANG_WARN_DEPRECATED_OBJC_IMPLEMENTATIONS = YES;
				CLANG_WARN_DIRECT_OBJC_ISA_USAGE = YES_ERROR;
				CLANG_WARN_DOCUMENTATION_COMMENTS = YES;
				CLANG_WARN_EMPTY_BODY = YES;
				CLANG_WARN_ENUM_CONVERSION = YES;
				CLANG_WARN_INFINITE_RECURSION = YES;
				CLANG_WARN_INT_CONVERSION = YES;
				CLANG_WARN_NON_LITERAL_NULL_CONVERSION = YES;
				CLANG_WARN_OBJC_IMPLICIT_RETAIN_SELF = YES;
				CLANG_WARN_OBJC_LITERAL_CONVERSION = YES;
				CLANG_WARN_OBJC_ROOT_CLASS = YES_ERROR;
				CLANG_WARN_QUOTED_INCLUDE_IN_FRAMEWORK_HEADER = YES;
				CLANG_WARN_RANGE_LOOP_ANALYSIS = YES;
				CLANG_WARN_STRICT_PROTOTYPES = YES;
				CLANG_WARN_SUSPICIOUS_MOVE = YES;
				CLANG_WARN_UNGUARDED_AVAILABILITY = YES_AGGRESSIVE;
				CLANG_WARN_UNREACHABLE_CODE = YES;
				CLANG_WARN__DUPLICATE_METHOD_MATCH = YES;
				COPY_PHASE_STRIP = NO;
				DEBUG_INFORMATION_FORMAT = "dwarf-with-dsym";
				ENABLE_NS_ASSERTIONS = NO;
				ENABLE_STRICT_OBJC_MSGSEND = YES;
				ENABLE_USER_SCRIPT_SANDBOXING = YES;
				GCC_C_LANGUAGE_STANDARD = gnu17;
				GCC_NO_COMMON_BLOCKS = YES;
				GCC_WARN_64_TO_32_BIT_CONVERSION = YES;
				GCC_WARN_ABOUT_RETURN_TYPE = YES_ERROR;
				GCC_WARN_UNDECLARED_SELECTOR = YES;
				GCC_WARN_UNINITIALIZED_AUTOS = YES_AGGRESSIVE;
				GCC_WARN_UNUSED_FUNCTION = YES;
				GCC_WARN_UNUSED_VARIABLE = YES;
				LOCALIZATION_PREFERS_STRING_CATALOGS = YES;
				MACOSX_DEPLOYMENT_TARGET = 14.4;
				MTL_ENABLE_DEBUG_INFO = NO;
				MTL_FAST_MATH = YES;
				SDKROOT = macosx;
				SWIFT_COMPILATION_MODE = wholemodule;
			};
			name = Release;
		};
		38AAD19D2BFB9A930039F5D6 /* Debug */ = {
			isa = XCBuildConfiguration;
			buildSettings = {
				ASSETCATALOG_COMPILER_APPICON_NAME = AppIcon;
				ASSETCATALOG_COMPILER_GLOBAL_ACCENT_COLOR_NAME = AccentColor;
				CODE_SIGN_ENTITLEMENTS = WaveLink/WaveLink.entitlements;
				CODE_SIGN_STYLE = Automatic;
				COMBINE_HIDPI_IMAGES = YES;
				CURRENT_PROJECT_VERSION = 1;
				DEVELOPMENT_ASSET_PATHS = "\"WaveLink/Preview Content\"";
				DEVELOPMENT_TEAM = W93RMB5CDG;
				ENABLE_HARDENED_RUNTIME = YES;
				ENABLE_PREVIEWS = YES;
				GENERATE_INFOPLIST_FILE = YES;
				INFOPLIST_KEY_CFBundleDisplayName = WaveLink;
				INFOPLIST_KEY_NSHumanReadableCopyright = "";
				LD_RUNPATH_SEARCH_PATHS = (
					"$(inherited)",
					"@executable_path/../Frameworks",
				);
				MARKETING_VERSION = 1.0;
				PRODUCT_BUNDLE_IDENTIFIER = com.nhsystems.WaveLink;
				PRODUCT_NAME = "$(TARGET_NAME)";
				SWIFT_EMIT_LOC_STRINGS = YES;
				SWIFT_VERSION = 5.0;
			};
			name = Debug;
		};
		38AAD19E2BFB9A930039F5D6 /* Release */ = {
			isa = XCBuildConfiguration;
			buildSettings = {
				ASSETCATALOG_COMPILER_APPICON_NAME = AppIcon;
				ASSETCATALOG_COMPILER_GLOBAL_ACCENT_COLOR_NAME = AccentColor;
				CODE_SIGN_ENTITLEMENTS = WaveLink/WaveLink.entitlements;
				CODE_SIGN_STYLE = Automatic;
				COMBINE_HIDPI_IMAGES = YES;
				CURRENT_PROJECT_VERSION = 1;
				DEVELOPMENT_ASSET_PATHS = "\"WaveLink/Preview Content\"";
				DEVELOPMENT_TEAM = W93RMB5CDG;
				ENABLE_HARDENED_RUNTIME = YES;
				ENABLE_PREVIEWS = YES;
				GENERATE_INFOPLIST_FILE = YES;
				INFOPLIST_KEY_CFBundleDisplayName = WaveLink;
				INFOPLIST_KEY_NSHumanReadableCopyright = "";
				LD_RUNPATH_SEARCH_PATHS = (
					"$(inherited)",
					"@executable_path/../Frameworks",
				);
				MARKETING_VERSION = 1.0;
				PRODUCT_BUNDLE_IDENTIFIER = com.nhsystems.WaveLink;
				PRODUCT_NAME = "$(TARGET_NAME)";
				SWIFT_EMIT_LOC_STRINGS = YES;
				SWIFT_VERSION = 5.0;
			};
			name = Release;
		};
		38AAD1EC2BFC82A70039F5D6 /* Debug */ = {
			isa = XCBuildConfiguration;
			buildSettings = {
				CLANG_WARN_QUOTED_INCLUDE_IN_FRAMEWORK_HEADER = NO;
				CODE_SIGN_STYLE = Automatic;
				CURRENT_PROJECT_VERSION = 1;
				DEVELOPMENT_TEAM = W93RMB5CDG;
				GENERATE_INFOPLIST_FILE = YES;
				INFOPLIST_FILE = WaveLinkIO/Info.plist;
				INFOPLIST_KEY_NSHumanReadableCopyright = "";
				MACOSX_DEPLOYMENT_TARGET = 14.4;
				MARKETING_VERSION = 1.0;
				MODULE_NAME = com.nhsystems.WaveLinkIO;
				MODULE_START = WaveLinkIO_start;
				MODULE_STOP = WaveLinkIO_stop;
				MODULE_VERSION = 1.0.0d1;
				PRODUCT_BUNDLE_IDENTIFIER = com.nhsystems.WaveLinkIO;
				PRODUCT_NAME = "$(TARGET_NAME)";
				RUN_CLANG_STATIC_ANALYZER = YES;
				SWIFT_EMIT_LOC_STRINGS = YES;
				WRAPPER_EXTENSION = kext;
			};
			name = Debug;
		};
		38AAD1ED2BFC82A70039F5D6 /* Release */ = {
			isa = XCBuildConfiguration;
			buildSettings = {
				CLANG_WARN_QUOTED_INCLUDE_IN_FRAMEWORK_HEADER = NO;
				CODE_SIGN_STYLE = Automatic;
				CURRENT_PROJECT_VERSION = 1;
				DEVELOPMENT_TEAM = W93RMB5CDG;
				GENERATE_INFOPLIST_FILE = YES;
				INFOPLIST_FILE = WaveLinkIO/Info.plist;
				INFOPLIST_KEY_NSHumanReadableCopyright = "";
				MACOSX_DEPLOYMENT_TARGET = 14.4;
				MARKETING_VERSION = 1.0;
				MODULE_NAME = com.nhsystems.WaveLinkIO;
				MODULE_START = WaveLinkIO_start;
				MODULE_STOP = WaveLinkIO_stop;
				MODULE_VERSION = 1.0.0d1;
				PRODUCT_BUNDLE_IDENTIFIER = com.nhsystems.WaveLinkIO;
				PRODUCT_NAME = "$(TARGET_NAME)";
				RUN_CLANG_STATIC_ANALYZER = YES;
				SWIFT_EMIT_LOC_STRINGS = YES;
				WRAPPER_EXTENSION = kext;
			};
			name = Release;
		};
/* End XCBuildConfiguration section */

/* Begin XCConfigurationList section */
		38AAD1882BFB9A910039F5D6 /* Build configuration list for PBXProject "WaveLink" */ = {
			isa = XCConfigurationList;
			buildConfigurations = (
				38AAD19A2BFB9A930039F5D6 /* Debug */,
				38AAD19B2BFB9A930039F5D6 /* Release */,
			);
			defaultConfigurationIsVisible = 0;
			defaultConfigurationName = Release;
		};
		38AAD19C2BFB9A930039F5D6 /* Build configuration list for PBXNativeTarget "WaveLink" */ = {
			isa = XCConfigurationList;
			buildConfigurations = (
				38AAD19D2BFB9A930039F5D6 /* Debug */,
				38AAD19E2BFB9A930039F5D6 /* Release */,
			);
			defaultConfigurationIsVisible = 0;
			defaultConfigurationName = Release;
		};
		38AAD1EB2BFC82A70039F5D6 /* Build configuration list for PBXNativeTarget "WaveLinkIO" */ = {
			isa = XCConfigurationList;
			buildConfigurations = (
				38AAD1EC2BFC82A70039F5D6 /* Debug */,
				38AAD1ED2BFC82A70039F5D6 /* Release */,
			);
			defaultConfigurationIsVisible = 0;
			defaultConfigurationName = Release;
		};
/* End XCConfigurationList section */
	};
	rootObject = 38AAD1852BFB9A910039F5D6 /* Project object */;
}
